 "@types/módulo-alias@^2.0.0"
  versão "2.0.0"
  resolvido "https://registry.yarnpkg.com/@types/module-alias/-/module-alias-2.0.0.tgz#882668f8b8cdbda44812c3b592c590909e18849e"
  integridade sha512-e3sW4oEH0qS1QxSfX7PT6xIi5qk/YSMsrB9Lq8EtkhQBZB+bKyfkP+jpLJRySanvBhAQPSv2PEBe81M8Iy/7yg==

 "@types/node@^13.13.2"
  versão "13.13.2"
  resolvido "https://registry.yarnpkg.com/@types/node/-/node-13.13.2.tgz#160d82623610db590a64e8ca81784e11117e5a54"
  integridade sha512-LB2R1Oyhpg8gu4SON/mfforE525+Hi/M1ineICEDftqNVTyFg1aRIeGuTvXAoWHc4nbrFncWtJgMmoyRvuGh7A==

módulo-alias@^2.2.2:
  versão "2.2.2"
  resolvido "https://registry.yarnpkg.com/module-alias/-/module-alias-2.2.2.tgz#151cdcecc24e25739ff0aa6e51e1c5716974c0e0" resolvido
  integridade sha512-A/78XjoX2EmNvppVEhM2oGk3lLxnkEA4jTbaK97QKSDjkIoOsKQlfylt/d3kKKi596Qy3NP5XrXJ6fZIC9Q==

typescript@^3.8.3:
  versão "3.8.3"
  resolvido "https://registry.yarnpkg.com/typescript/-/typescript-3.8.3.tgz#409eb8544ea0335711205869ec458ab109ee1061" resolvido
  integridade sha512-MYlEfn5VrLNsgudQTVJeNaQFUAI7DkhnOjdpAp4T+ku1TfQClewlbSuTVHiA+8skNBgaf02TL/kLOvig4y3G8w==